{
  "name": "@hubject/google-maps-mock",
  "version": "1.0.0",
  "lockfileVersion": 1,
  "requires": true,
  "dependencies": {
    "@types/googlemaps": {
      "version": "3.26.20",
      "resolved": "https://registry.npmjs.org/@types/googlemaps/-/googlemaps-3.26.20.tgz",
      "integrity": "sha512-ei0gGI3ioFYjshbcSJZlk99vrVB7EjqLQCT5ymlm72l201b5ExvoTrk2wgq1pwG/531idUeJGkaTr6Vap3AIXA==",
      "dev": true
    },
    "@types/node": {
      "version": "8.0.25",
      "resolved": "https://registry.npmjs.org/@types/node/-/node-8.0.25.tgz",
      "integrity": "sha512-zT+t9841g1HsjLtPMCYxmb1U4pcZ2TOegAKiomlmj6bIziuaEYHUavxLE9NRwdntY0vOCrgHho6OXjDX7fm/Kw==",
      "dev": true
    },
    "typescript": {
      "version": "2.4.2",
      "resolved": "https://registry.npmjs.org/typescript/-/typescript-2.4.2.tgz",
      "integrity": "sha1-+DlfhdRZJ2BnyYiqQYN6j4KHCEQ=",
      "dev": true
    }
  }
}
